
Microsoft Visual Studio Solution File, Format Version 12.00
# Visual Studio Version 17
VisualStudioVersion = 17.1.32421.90
MinimumVisualStudioVersion = 10.0.40219.1
Project("{FAE04EC0-301F-11D3-BF4B-00C04F79EFBC}") = "WordFreqCounter", "WordFreqCounter.csproj", "{D9B2283C-A89C-46A9-843A-4E4B58574FAE}"
EndProject
Global
	GlobalSection(SolutionConfigurationPlatforms) = preSolution
		Debug|Any CPU = Debug|Any CPU
		Release|Any CPU = Release|Any CPU
	EndGlobalSection
	GlobalSection(ProjectConfigurationPlatforms) = postSolution
		{D9B2283C-A89C-46A9-843A-4E4B58574FAE}.Debug|Any CPU.ActiveCfg = Debug|Any CPU
		{D9B2283C-A89C-46A9-843A-4E4B58574FAE}.Debug|Any CPU.Build.0 = Debug|Any CPU
		{D9B2283C-A89C-46A9-843A-4E4B58574FAE}.Release|Any CPU.ActiveCfg = Release|Any CPU
		{D9B2283C-A89C-46A9-843A-4E4B58574FAE}.Release|Any CPU.Build.0 = Release|Any CPU
	EndGlobalSection
	GlobalSection(SolutionProperties) = preSolution
		HideSolutionNode = FALSE
	EndGlobalSection
	GlobalSection(ExtensibilityGlobals) = postSolution
		SolutionGuid = {1422AA79-32F6-422C-B16F-B81CFA03395B}
	EndGlobalSection
EndGlobal
